
Microsoft Visual Studio Solution File, Format Version 12.00
# Visual Studio Version 16
VisualStudioVersion = 16.0.28803.202
MinimumVisualStudioVersion = 10.0.40219.1
Project("{FAE04EC0-301F-11D3-BF4B-00C04F79EFBC}") = "ImgTrack", "ImgTrack\ImgTrack.csproj", "{23ABC975-9B56-44CB-8F1B-91414BA63127}"
EndProject
Global
	GlobalSection(SolutionConfigurationPlatforms) = preSolution
		Debug|Any CPU = Debug|Any CPU
		Release|Any CPU = Release|Any CPU
	EndGlobalSection
	GlobalSection(ProjectConfigurationPlatforms) = postSolution
		{23ABC975-9B56-44CB-8F1B-91414BA63127}.Debug|Any CPU.ActiveCfg = Debug|Any CPU
		{23ABC975-9B56-44CB-8F1B-91414BA63127}.Debug|Any CPU.Build.0 = Debug|Any CPU
		{23ABC975-9B56-44CB-8F1B-91414BA63127}.Release|Any CPU.ActiveCfg = Release|Any CPU
		{23ABC975-9B56-44CB-8F1B-91414BA63127}.Release|Any CPU.Build.0 = Release|Any CPU
	EndGlobalSection
	GlobalSection(SolutionProperties) = preSolution
		HideSolutionNode = FALSE
	EndGlobalSection
	GlobalSection(ExtensibilityGlobals) = postSolution
		SolutionGuid = {958D8FBF-210E-4AF5-AEE5-41E7ACAE1995}
	EndGlobalSection
EndGlobal
